
Microsoft Visual Studio Solution File, Format Version 12.00
# Visual Studio 15
Project("{FAE04EC0-301F-11D3-BF4B-00C04F79EFBC}") = "SteamVR", "SteamVR.csproj", "{10A92681-4F8A-ED64-9739-0E8F41E08BF4}"
EndProject
Project("{FAE04EC0-301F-11D3-BF4B-00C04F79EFBC}") = "Assembly-CSharp", "Assembly-CSharp.csproj", "{99431071-DB16-E1A1-1856-BED453B7B6AA}"
EndProject
Project("{FAE04EC0-301F-11D3-BF4B-00C04F79EFBC}") = "Assembly-CSharp-firstpass", "Assembly-CSharp-firstpass.csproj", "{D37CC723-0D0F-9A3A-B287-DDB3D74E4BC3}"
EndProject
Project("{FAE04EC0-301F-11D3-BF4B-00C04F79EFBC}") = "SteamVR_Actions", "SteamVR_Actions.csproj", "{F1A2F0DD-55EB-3E9C-4F8D-9B3DFF4E66A5}"
EndProject
Project("{FAE04EC0-301F-11D3-BF4B-00C04F79EFBC}") = "Assembly-CSharp-Editor-firstpass", "Assembly-CSharp-Editor-firstpass.csproj", "{5EBC52F2-9A21-7F0E-D9CC-8A1FE1EF9EC5}"
EndProject
Project("{FAE04EC0-301F-11D3-BF4B-00C04F79EFBC}") = "SteamVR_Editor", "SteamVR_Editor.csproj", "{A8A183B0-0A80-70B1-A899-77E578A81473}"
EndProject
Project("{FAE04EC0-301F-11D3-BF4B-00C04F79EFBC}") = "SteamVR_Input_Editor", "SteamVR_Input_Editor.csproj", "{D892BBD5-C27D-22CA-AAD5-986C30FF2437}"
EndProject
Project("{FAE04EC0-301F-11D3-BF4B-00C04F79EFBC}") = "SteamVR_Windows_EditorHelper", "SteamVR_Windows_EditorHelper.csproj", "{3924B1FC-4DE4-C400-26E8-8E81A8611005}"
EndProject
Global
	GlobalSection(SolutionConfigurationPlatforms) = preSolution
		Debug|Any CPU = Debug|Any CPU
		Release|Any CPU = Release|Any CPU
	EndGlobalSection
	GlobalSection(ProjectConfigurationPlatforms) = postSolution
		{10A92681-4F8A-ED64-9739-0E8F41E08BF4}.Debug|Any CPU.ActiveCfg = Debug|Any CPU
		{10A92681-4F8A-ED64-9739-0E8F41E08BF4}.Debug|Any CPU.Build.0 = Debug|Any CPU
		{10A92681-4F8A-ED64-9739-0E8F41E08BF4}.Release|Any CPU.ActiveCfg = Release|Any CPU
		{10A92681-4F8A-ED64-9739-0E8F41E08BF4}.Release|Any CPU.Build.0 = Release|Any CPU
		{99431071-DB16-E1A1-1856-BED453B7B6AA}.Debug|Any CPU.ActiveCfg = Debug|Any CPU
		{99431071-DB16-E1A1-1856-BED453B7B6AA}.Debug|Any CPU.Build.0 = Debug|Any CPU
		{99431071-DB16-E1A1-1856-BED453B7B6AA}.Release|Any CPU.ActiveCfg = Release|Any CPU
		{99431071-DB16-E1A1-1856-BED453B7B6AA}.Release|Any CPU.Build.0 = Release|Any CPU
		{D37CC723-0D0F-9A3A-B287-DDB3D74E4BC3}.Debug|Any CPU.ActiveCfg = Debug|Any CPU
		{D37CC723-0D0F-9A3A-B287-DDB3D74E4BC3}.Debug|Any CPU.Build.0 = Debug|Any CPU
		{D37CC723-0D0F-9A3A-B287-DDB3D74E4BC3}.Release|Any CPU.ActiveCfg = Release|Any CPU
		{D37CC723-0D0F-9A3A-B287-DDB3D74E4BC3}.Release|Any CPU.Build.0 = Release|Any CPU
		{F1A2F0DD-55EB-3E9C-4F8D-9B3DFF4E66A5}.Debug|Any CPU.ActiveCfg = Debug|Any CPU
		{F1A2F0DD-55EB-3E9C-4F8D-9B3DFF4E66A5}.Debug|Any CPU.Build.0 = Debug|Any CPU
		{F1A2F0DD-55EB-3E9C-4F8D-9B3DFF4E66A5}.Release|Any CPU.ActiveCfg = Release|Any CPU
		{F1A2F0DD-55EB-3E9C-4F8D-9B3DFF4E66A5}.Release|Any CPU.Build.0 = Release|Any CPU
		{5EBC52F2-9A21-7F0E-D9CC-8A1FE1EF9EC5}.Debug|Any CPU.ActiveCfg = Debug|Any CPU
		{5EBC52F2-9A21-7F0E-D9CC-8A1FE1EF9EC5}.Debug|Any CPU.Build.0 = Debug|Any CPU
		{5EBC52F2-9A21-7F0E-D9CC-8A1FE1EF9EC5}.Release|Any CPU.ActiveCfg = Release|Any CPU
		{5EBC52F2-9A21-7F0E-D9CC-8A1FE1EF9EC5}.Release|Any CPU.Build.0 = Release|Any CPU
		{A8A183B0-0A80-70B1-A899-77E578A81473}.Debug|Any CPU.ActiveCfg = Debug|Any CPU
		{A8A183B0-0A80-70B1-A899-77E578A81473}.Debug|Any CPU.Build.0 = Debug|Any CPU
		{A8A183B0-0A80-70B1-A899-77E578A81473}.Release|Any CPU.ActiveCfg = Release|Any CPU
		{A8A183B0-0A80-70B1-A899-77E578A81473}.Release|Any CPU.Build.0 = Release|Any CPU
		{D892BBD5-C27D-22CA-AAD5-986C30FF2437}.Debug|Any CPU.ActiveCfg = Debug|Any CPU
		{D892BBD5-C27D-22CA-AAD5-986C30FF2437}.Debug|Any CPU.Build.0 = Debug|Any CPU
		{D892BBD5-C27D-22CA-AAD5-986C30FF2437}.Release|Any CPU.ActiveCfg = Release|Any CPU
		{D892BBD5-C27D-22CA-AAD5-986C30FF2437}.Release|Any CPU.Build.0 = Release|Any CPU
		{3924B1FC-4DE4-C400-26E8-8E81A8611005}.Debug|Any CPU.ActiveCfg = Debug|Any CPU
		{3924B1FC-4DE4-C400-26E8-8E81A8611005}.Debug|Any CPU.Build.0 = Debug|Any CPU
		{3924B1FC-4DE4-C400-26E8-8E81A8611005}.Release|Any CPU.ActiveCfg = Release|Any CPU
		{3924B1FC-4DE4-C400-26E8-8E81A8611005}.Release|Any CPU.Build.0 = Release|Any CPU
	EndGlobalSection
	GlobalSection(SolutionProperties) = preSolution
		HideSolutionNode = FALSE
	EndGlobalSection
EndGlobal
